
Microsoft Visual Studio Solution File, Format Version 12.00
# Visual Studio 15
VisualStudioVersion = 15.0.26403.0
MinimumVisualStudioVersion = 10.0.40219.1
Project("{FAE04EC0-301F-11D3-BF4B-00C04F79EFBC}") = "iothub-device", "iothub-sample\iothub-device.csproj", "{F3306FE7-8F9F-44B7-A1C5-27A4387051A5}"
EndProject
Project("{FAE04EC0-301F-11D3-BF4B-00C04F79EFBC}") = "iothub-cloud", "iothub-cloud\iothub-cloud.csproj", "{2A73B8B2-0124-4BCD-A30C-C24E0805C96A}"
EndProject
Global
	GlobalSection(SolutionConfigurationPlatforms) = preSolution
		Debug|Any CPU = Debug|Any CPU
		Release|Any CPU = Release|Any CPU
	EndGlobalSection
	GlobalSection(ProjectConfigurationPlatforms) = postSolution
		{F3306FE7-8F9F-44B7-A1C5-27A4387051A5}.Debug|Any CPU.ActiveCfg = Debug|Any CPU
		{F3306FE7-8F9F-44B7-A1C5-27A4387051A5}.Debug|Any CPU.Build.0 = Debug|Any CPU
		{F3306FE7-8F9F-44B7-A1C5-27A4387051A5}.Release|Any CPU.ActiveCfg = Release|Any CPU
		{F3306FE7-8F9F-44B7-A1C5-27A4387051A5}.Release|Any CPU.Build.0 = Release|Any CPU
		{2A73B8B2-0124-4BCD-A30C-C24E0805C96A}.Debug|Any CPU.ActiveCfg = Debug|Any CPU
		{2A73B8B2-0124-4BCD-A30C-C24E0805C96A}.Debug|Any CPU.Build.0 = Debug|Any CPU
		{2A73B8B2-0124-4BCD-A30C-C24E0805C96A}.Release|Any CPU.ActiveCfg = Release|Any CPU
		{2A73B8B2-0124-4BCD-A30C-C24E0805C96A}.Release|Any CPU.Build.0 = Release|Any CPU
	EndGlobalSection
	GlobalSection(SolutionProperties) = preSolution
		HideSolutionNode = FALSE
	EndGlobalSection
	GlobalSection(ExtensibilityGlobals) = postSolution
		EnterpriseLibraryConfigurationToolBinariesPathV6 = packages\EnterpriseLibrary.TransientFaultHandling.6.0.1304.0\lib\portable-net45+win+wp8
	EndGlobalSection
EndGlobal
